
Microsoft Visual Studio Solution File, Format Version 12.00
# Visual Studio Version 17
VisualStudioVersion = 17.11.35303.130
MinimumVisualStudioVersion = 10.0.40219.1
Project("{2150E333-8FDC-42A3-9474-1A3956D46DE8}") = "Task0", "Task0", "{3C761867-47D7-4E28-8199-1652DA4D7A02}"
EndProject
Project("{9A19103F-16F7-4668-BE54-9A1E7A4F7556}") = "Tyuiu.BorkovNA.Sprint1.Task0.V13", "Tyuiu.BorkovNA.Sprint1.Task0.V13\Tyuiu.BorkovNA.Sprint1.Task0.V13.csproj", "{F8089735-3FB0-4D90-BC25-C48B782F01A7}"
EndProject
Project("{9A19103F-16F7-4668-BE54-9A1E7A4F7556}") = "Tyuiu.BorkovNA.Sprint1.Task0.V13.Lib", "Tyuiu.BorkovNA.Sprint1.Task0.V13.Lib\Tyuiu.BorkovNA.Sprint1.Task0.V13.Lib.csproj", "{06D7F13B-77B1-499A-915A-139B65F335AB}"
EndProject
Project("{9A19103F-16F7-4668-BE54-9A1E7A4F7556}") = "Tyuiu.BorkovNA.Sprint1.Task0.V13.Test", "Tyuiu.BorkovNA.Sprint1.Task0.V13.Test\Tyuiu.BorkovNA.Sprint1.Task0.V13.Test.csproj", "{97D5BF1D-14F8-49C3-9BA6-B224153F19E9}"
EndProject
Project("{2150E333-8FDC-42A3-9474-1A3956D46DE8}") = "Task1", "Task1", "{597AD5FA-A70D-44F6-9919-F8F73D0780A5}"
EndProject
Project("{9A19103F-16F7-4668-BE54-9A1E7A4F7556}") = "Tyuiu.BorkovNA.Sprint1.Task1.V29.Lib", "Tyuiu.BorkovNA.Sprint1.Task1.V29.Lib\Tyuiu.BorkovNA.Sprint1.Task1.V29.Lib.csproj", "{9ECD6749-FC51-4156-AD2B-7B708DA3726F}"
EndProject
Project("{9A19103F-16F7-4668-BE54-9A1E7A4F7556}") = "Tyuiu.BorkovNA.Sprint1.Task1.V29", "Tyuiu.BorkovNA.Sprint1.Task1.V29\Tyuiu.BorkovNA.Sprint1.Task1.V29.csproj", "{D82C56E9-9B6E-4CC9-BB78-4808E8583417}"
EndProject
Project("{9A19103F-16F7-4668-BE54-9A1E7A4F7556}") = "Tyuiu.BorkovNA.Sprint1.Task1.V29.Test", "Tyuiu.BorkovNA.Sprint1.Task1.V29.Test\Tyuiu.BorkovNA.Sprint1.Task1.V29.Test.csproj", "{9D32A05C-65D0-4275-8A76-F9EA1488D377}"
EndProject
Project("{2150E333-8FDC-42A3-9474-1A3956D46DE8}") = "Task2", "Task2", "{72A98E8E-2DA7-4E40-AF01-FE0DA1DBDAC1}"
EndProject
Project("{9A19103F-16F7-4668-BE54-9A1E7A4F7556}") = "Tyuiu.BorkovNA.Sprint1.Task2.V18.Lib", "Tyuiu.BorkovNA.Sprint1.Task2.V18.Lib\Tyuiu.BorkovNA.Sprint1.Task2.V18.Lib.csproj", "{E9C2AC4A-2C22-47ED-B908-C5385F861179}"
EndProject
Project("{9A19103F-16F7-4668-BE54-9A1E7A4F7556}") = "Tyuiu.BorkovNA.Sprint1.Task2.V18.Test", "Tyuiu.BorkovNA.Sprint1.Task2.V18.Test\Tyuiu.BorkovNA.Sprint1.Task2.V18.Test.csproj", "{C3498CD8-90C6-410B-8D65-D368F7DFF1F3}"
EndProject
Project("{9A19103F-16F7-4668-BE54-9A1E7A4F7556}") = "Tyuiu.BorkovNA.Sprint1.Task2.V18", "Tyuiu.BorkovNA.Sprint1.Task2.V18\Tyuiu.BorkovNA.Sprint1.Task2.V18.csproj", "{206102B3-7A2A-455E-ADA5-16E91D603EA5}"
EndProject
Project("{2150E333-8FDC-42A3-9474-1A3956D46DE8}") = "Task3", "Task3", "{FD3644D6-6C13-444A-B73D-B97F1C77B93E}"
EndProject
Project("{FAE04EC0-301F-11D3-BF4B-00C04F79EFBC}") = "Tyuiu.BorkovNA.Sprint1.Task3.V1.Lib", "Tyuiu.BorkovNA.Sprint1.Task3.V1.Lib\Tyuiu.BorkovNA.Sprint1.Task3.V1.Lib.csproj", "{B2414B30-F41F-4CD1-A98F-FAD462FBF7F6}"
EndProject
Project("{FAE04EC0-301F-11D3-BF4B-00C04F79EFBC}") = "Tyuiu.BorkovNA.Sprint1.Task3.V1.Test", "Tyuiu.BorkovNA.Sprint1.Task3.V1.Test\Tyuiu.BorkovNA.Sprint1.Task3.V1.Test.csproj", "{526FB820-77E3-481A-8D00-E60B43EEB7FA}"
EndProject
Project("{FAE04EC0-301F-11D3-BF4B-00C04F79EFBC}") = "Tyuiu.BorkovNA.Sprint1.Task3.V1", "Tyuiu.BorkovNA.Sprint1.Task3.V1\Tyuiu.BorkovNA.Sprint1.Task3.V1.csproj", "{997A0ECC-E94D-48AC-A9E7-F86E2FEAEC31}"
EndProject
Project("{2150E333-8FDC-42A3-9474-1A3956D46DE8}") = "Task4", "Task4", "{58846016-D680-415E-83E6-4F7C13BE8F9F}"
EndProject
Project("{FAE04EC0-301F-11D3-BF4B-00C04F79EFBC}") = "Tyuiu.BorkovNA.Sprint1.Task4.V22.Lib", "Tyuiu.BorkovNA.Sprint1.Task4.V22.Lib\Tyuiu.BorkovNA.Sprint1.Task4.V22.Lib.csproj", "{B54172CB-9FFD-437B-BE95-DF0D295ABD9D}"
EndProject
Project("{FAE04EC0-301F-11D3-BF4B-00C04F79EFBC}") = "Tyuiu.BorkovNA.Sprint1.Task4.V22.Test", "Tyuiu.BorkovNA.Sprint1.Task4.V22.Test\Tyuiu.BorkovNA.Sprint1.Task4.V22.Test.csproj", "{664E6ED2-1BAE-48DD-8ABC-F57D90B2FE56}"
EndProject
Project("{FAE04EC0-301F-11D3-BF4B-00C04F79EFBC}") = "Tyuiu.BorkovNA.Sprint1.Task4.V22", "Tyuiu.BorkovNA.Sprint1.Task4.V22\Tyuiu.BorkovNA.Sprint1.Task4.V22.csproj", "{28737AD5-8A53-4876-B3B8-F7304B586A64}"
EndProject
Project("{2150E333-8FDC-42A3-9474-1A3956D46DE8}") = "Task5", "Task5", "{EE07D7E4-A972-474E-BECC-1A15C49EA85E}"
EndProject
Project("{FAE04EC0-301F-11D3-BF4B-00C04F79EFBC}") = "Tyuiu.BorkovNA.Sprint1.Task5.V3.Lib", "Tyuiu.BorkovNA.Sprint1.Task5.V3.Lib\Tyuiu.BorkovNA.Sprint1.Task5.V3.Lib.csproj", "{CAD347B0-02AE-4CB9-B0E7-34EE2192FC82}"
EndProject
Project("{FAE04EC0-301F-11D3-BF4B-00C04F79EFBC}") = "Tyuiu.BorkovNA.Sprint1.Task5.V3.Test", "Tyuiu.BorkovNA.Sprint1.Task5.V3.Test\Tyuiu.BorkovNA.Sprint1.Task5.V3.Test.csproj", "{6EB790DD-3648-44DE-89A7-EE0D830E942B}"
EndProject
Project("{FAE04EC0-301F-11D3-BF4B-00C04F79EFBC}") = "Tyuiu.BorkovNA.Sprint1.Task5.V3", "Tyuiu.BorkovNA.Sprint1.Task5.V3\Tyuiu.BorkovNA.Sprint1.Task5.V3.csproj", "{35F65DC5-5296-4458-B91A-8AEBE47D778E}"
EndProject
Project("{2150E333-8FDC-42A3-9474-1A3956D46DE8}") = "Task6", "Task6", "{D9A01E3F-E07E-4775-A3A4-BD1C8517ADE0}"
EndProject
Project("{FAE04EC0-301F-11D3-BF4B-00C04F79EFBC}") = "Tyuiu.BorkovNA.Sprint1.Task6.V7.Lib", "Tyuiu.BorkovNA.Sprint1.Task6.V7.Lib\Tyuiu.BorkovNA.Sprint1.Task6.V7.Lib.csproj", "{E3002446-6ACD-4B19-8ACF-1659507F1885}"
EndProject
Project("{FAE04EC0-301F-11D3-BF4B-00C04F79EFBC}") = "Tyuiu.BorkovNA.Sprint1.Task6.V7.Test", "Tyuiu.BorkovNA.Sprint1.Task6.V7.Test\Tyuiu.BorkovNA.Sprint1.Task6.V7.Test.csproj", "{58CF2E70-DDD2-4EF2-9871-775931F1C1E0}"
EndProject
Project("{FAE04EC0-301F-11D3-BF4B-00C04F79EFBC}") = "Tyuiu.BorkovNA.Sprint1.Task6.V7", "Tyuiu.BorkovNA.Sprint1.Task6.V7\Tyuiu.BorkovNA.Sprint1.Task6.V7.csproj", "{F07B1A18-66DB-4959-A068-A9AE9725CF8A}"
EndProject
Project("{2150E333-8FDC-42A3-9474-1A3956D46DE8}") = "Task7", "Task7", "{F2A3C4B1-F789-494E-BDBB-87F776D639FF}"
EndProject
Project("{FAE04EC0-301F-11D3-BF4B-00C04F79EFBC}") = "Tyuiu.BorkovNA.Sprint1.Task7.V16.Lib", "Tyuiu.BorkovNA.Sprint1.Task7.V16.Lib\Tyuiu.BorkovNA.Sprint1.Task7.V16.Lib.csproj", "{1AA29180-42C3-4523-ACBA-9C10AE814161}"
EndProject
Project("{FAE04EC0-301F-11D3-BF4B-00C04F79EFBC}") = "Tyuiu.BorkovNA.Sprint1.Task7.V16.Test", "Tyuiu.BorkovNA.Sprint1.Task7.V16.Test\Tyuiu.BorkovNA.Sprint1.Task7.V16.Test.csproj", "{CE88F624-9A43-4823-B5BF-2F0EDE0DB08B}"
EndProject
Project("{FAE04EC0-301F-11D3-BF4B-00C04F79EFBC}") = "Tyuiu.BorkovNA.Sprint1.Task7.V16", "Tyuiu.BorkovNA.Sprint1.Task7.V16\Tyuiu.BorkovNA.Sprint1.Task7.V16.csproj", "{B4C0C7D9-E605-45D1-8C9C-29811799FFD1}"
EndProject
Global
	GlobalSection(SolutionConfigurationPlatforms) = preSolution
		Debug|Any CPU = Debug|Any CPU
		Release|Any CPU = Release|Any CPU
	EndGlobalSection
	GlobalSection(ProjectConfigurationPlatforms) = postSolution
		{F8089735-3FB0-4D90-BC25-C48B782F01A7}.Debug|Any CPU.ActiveCfg = Debug|Any CPU
		{F8089735-3FB0-4D90-BC25-C48B782F01A7}.Debug|Any CPU.Build.0 = Debug|Any CPU
		{F8089735-3FB0-4D90-BC25-C48B782F01A7}.Release|Any CPU.ActiveCfg = Release|Any CPU
		{F8089735-3FB0-4D90-BC25-C48B782F01A7}.Release|Any CPU.Build.0 = Release|Any CPU
		{06D7F13B-77B1-499A-915A-139B65F335AB}.Debug|Any CPU.ActiveCfg = Debug|Any CPU
		{06D7F13B-77B1-499A-915A-139B65F335AB}.Debug|Any CPU.Build.0 = Debug|Any CPU
		{06D7F13B-77B1-499A-915A-139B65F335AB}.Release|Any CPU.ActiveCfg = Release|Any CPU
		{06D7F13B-77B1-499A-915A-139B65F335AB}.Release|Any CPU.Build.0 = Release|Any CPU
		{97D5BF1D-14F8-49C3-9BA6-B224153F19E9}.Debug|Any CPU.ActiveCfg = Debug|Any CPU
		{97D5BF1D-14F8-49C3-9BA6-B224153F19E9}.Debug|Any CPU.Build.0 = Debug|Any CPU
		{97D5BF1D-14F8-49C3-9BA6-B224153F19E9}.Release|Any CPU.ActiveCfg = Release|Any CPU
		{97D5BF1D-14F8-49C3-9BA6-B224153F19E9}.Release|Any CPU.Build.0 = Release|Any CPU
		{9ECD6749-FC51-4156-AD2B-7B708DA3726F}.Debug|Any CPU.ActiveCfg = Debug|Any CPU
		{9ECD6749-FC51-4156-AD2B-7B708DA3726F}.Debug|Any CPU.Build.0 = Debug|Any CPU
		{9ECD6749-FC51-4156-AD2B-7B708DA3726F}.Release|Any CPU.ActiveCfg = Release|Any CPU
		{9ECD6749-FC51-4156-AD2B-7B708DA3726F}.Release|Any CPU.Build.0 = Release|Any CPU
		{D82C56E9-9B6E-4CC9-BB78-4808E8583417}.Debug|Any CPU.ActiveCfg = Debug|Any CPU
		{D82C56E9-9B6E-4CC9-BB78-4808E8583417}.Debug|Any CPU.Build.0 = Debug|Any CPU
		{D82C56E9-9B6E-4CC9-BB78-4808E8583417}.Release|Any CPU.ActiveCfg = Release|Any CPU
		{D82C56E9-9B6E-4CC9-BB78-4808E8583417}.Release|Any CPU.Build.0 = Release|Any CPU
		{9D32A05C-65D0-4275-8A76-F9EA1488D377}.Debug|Any CPU.ActiveCfg = Debug|Any CPU
		{9D32A05C-65D0-4275-8A76-F9EA1488D377}.Debug|Any CPU.Build.0 = Debug|Any CPU
		{9D32A05C-65D0-4275-8A76-F9EA1488D377}.Release|Any CPU.ActiveCfg = Release|Any CPU
		{9D32A05C-65D0-4275-8A76-F9EA1488D377}.Release|Any CPU.Build.0 = Release|Any CPU
		{E9C2AC4A-2C22-47ED-B908-C5385F861179}.Debug|Any CPU.ActiveCfg = Debug|Any CPU
		{E9C2AC4A-2C22-47ED-B908-C5385F861179}.Debug|Any CPU.Build.0 = Debug|Any CPU
		{E9C2AC4A-2C22-47ED-B908-C5385F861179}.Release|Any CPU.ActiveCfg = Release|Any CPU
		{E9C2AC4A-2C22-47ED-B908-C5385F861179}.Release|Any CPU.Build.0 = Release|Any CPU
		{C3498CD8-90C6-410B-8D65-D368F7DFF1F3}.Debug|Any CPU.ActiveCfg = Debug|Any CPU
		{C3498CD8-90C6-410B-8D65-D368F7DFF1F3}.Debug|Any CPU.Build.0 = Debug|Any CPU
		{C3498CD8-90C6-410B-8D65-D368F7DFF1F3}.Release|Any CPU.ActiveCfg = Release|Any CPU
		{C3498CD8-90C6-410B-8D65-D368F7DFF1F3}.Release|Any CPU.Build.0 = Release|Any CPU
		{206102B3-7A2A-455E-ADA5-16E91D603EA5}.Debug|Any CPU.ActiveCfg = Debug|Any CPU
		{206102B3-7A2A-455E-ADA5-16E91D603EA5}.Debug|Any CPU.Build.0 = Debug|Any CPU
		{206102B3-7A2A-455E-ADA5-16E91D603EA5}.Release|Any CPU.ActiveCfg = Release|Any CPU
		{206102B3-7A2A-455E-ADA5-16E91D603EA5}.Release|Any CPU.Build.0 = Release|Any CPU
		{B2414B30-F41F-4CD1-A98F-FAD462FBF7F6}.Debug|Any CPU.ActiveCfg = Debug|Any CPU
		{B2414B30-F41F-4CD1-A98F-FAD462FBF7F6}.Debug|Any CPU.Build.0 = Debug|Any CPU
		{B2414B30-F41F-4CD1-A98F-FAD462FBF7F6}.Release|Any CPU.ActiveCfg = Release|Any CPU
		{B2414B30-F41F-4CD1-A98F-FAD462FBF7F6}.Release|Any CPU.Build.0 = Release|Any CPU
		{526FB820-77E3-481A-8D00-E60B43EEB7FA}.Debug|Any CPU.ActiveCfg = Debug|Any CPU
		{526FB820-77E3-481A-8D00-E60B43EEB7FA}.Debug|Any CPU.Build.0 = Debug|Any CPU
		{526FB820-77E3-481A-8D00-E60B43EEB7FA}.Release|Any CPU.ActiveCfg = Release|Any CPU
		{526FB820-77E3-481A-8D00-E60B43EEB7FA}.Release|Any CPU.Build.0 = Release|Any CPU
		{997A0ECC-E94D-48AC-A9E7-F86E2FEAEC31}.Debug|Any CPU.ActiveCfg = Debug|Any CPU
		{997A0ECC-E94D-48AC-A9E7-F86E2FEAEC31}.Debug|Any CPU.Build.0 = Debug|Any CPU
		{997A0ECC-E94D-48AC-A9E7-F86E2FEAEC31}.Release|Any CPU.ActiveCfg = Release|Any CPU
		{997A0ECC-E94D-48AC-A9E7-F86E2FEAEC31}.Release|Any CPU.Build.0 = Release|Any CPU
		{B54172CB-9FFD-437B-BE95-DF0D295ABD9D}.Debug|Any CPU.ActiveCfg = Debug|Any CPU
		{B54172CB-9FFD-437B-BE95-DF0D295ABD9D}.Debug|Any CPU.Build.0 = Debug|Any CPU
		{B54172CB-9FFD-437B-BE95-DF0D295ABD9D}.Release|Any CPU.ActiveCfg = Release|Any CPU
		{B54172CB-9FFD-437B-BE95-DF0D295ABD9D}.Release|Any CPU.Build.0 = Release|Any CPU
		{664E6ED2-1BAE-48DD-8ABC-F57D90B2FE56}.Debug|Any CPU.ActiveCfg = Debug|Any CPU
		{664E6ED2-1BAE-48DD-8ABC-F57D90B2FE56}.Debug|Any CPU.Build.0 = Debug|Any CPU
		{664E6ED2-1BAE-48DD-8ABC-F57D90B2FE56}.Release|Any CPU.ActiveCfg = Release|Any CPU
		{664E6ED2-1BAE-48DD-8ABC-F57D90B2FE56}.Release|Any CPU.Build.0 = Release|Any CPU
		{28737AD5-8A53-4876-B3B8-F7304B586A64}.Debug|Any CPU.ActiveCfg = Debug|Any CPU
		{28737AD5-8A53-4876-B3B8-F7304B586A64}.Debug|Any CPU.Build.0 = Debug|Any CPU
		{28737AD5-8A53-4876-B3B8-F7304B586A64}.Release|Any CPU.ActiveCfg = Release|Any CPU
		{28737AD5-8A53-4876-B3B8-F7304B586A64}.Release|Any CPU.Build.0 = Release|Any CPU
		{CAD347B0-02AE-4CB9-B0E7-34EE2192FC82}.Debug|Any CPU.ActiveCfg = Debug|Any CPU
		{CAD347B0-02AE-4CB9-B0E7-34EE2192FC82}.Debug|Any CPU.Build.0 = Debug|Any CPU
		{CAD347B0-02AE-4CB9-B0E7-34EE2192FC82}.Release|Any CPU.ActiveCfg = Release|Any CPU
		{CAD347B0-02AE-4CB9-B0E7-34EE2192FC82}.Release|Any CPU.Build.0 = Release|Any CPU
		{6EB790DD-3648-44DE-89A7-EE0D830E942B}.Debug|Any CPU.ActiveCfg = Debug|Any CPU
		{6EB790DD-3648-44DE-89A7-EE0D830E942B}.Debug|Any CPU.Build.0 = Debug|Any CPU
		{6EB790DD-3648-44DE-89A7-EE0D830E942B}.Release|Any CPU.ActiveCfg = Release|Any CPU
		{6EB790DD-3648-44DE-89A7-EE0D830E942B}.Release|Any CPU.Build.0 = Release|Any CPU
		{35F65DC5-5296-4458-B91A-8AEBE47D778E}.Debug|Any CPU.ActiveCfg = Debug|Any CPU
		{35F65DC5-5296-4458-B91A-8AEBE47D778E}.Debug|Any CPU.Build.0 = Debug|Any CPU
		{35F65DC5-5296-4458-B91A-8AEBE47D778E}.Release|Any CPU.ActiveCfg = Release|Any CPU
		{35F65DC5-5296-4458-B91A-8AEBE47D778E}.Release|Any CPU.Build.0 = Release|Any CPU
		{E3002446-6ACD-4B19-8ACF-1659507F1885}.Debug|Any CPU.ActiveCfg = Debug|Any CPU
		{E3002446-6ACD-4B19-8ACF-1659507F1885}.Debug|Any CPU.Build.0 = Debug|Any CPU
		{E3002446-6ACD-4B19-8ACF-1659507F1885}.Release|Any CPU.ActiveCfg = Release|Any CPU
		{E3002446-6ACD-4B19-8ACF-1659507F1885}.Release|Any CPU.Build.0 = Release|Any CPU
		{58CF2E70-DDD2-4EF2-9871-775931F1C1E0}.Debug|Any CPU.ActiveCfg = Debug|Any CPU
		{58CF2E70-DDD2-4EF2-9871-775931F1C1E0}.Debug|Any CPU.Build.0 = Debug|Any CPU
		{58CF2E70-DDD2-4EF2-9871-775931F1C1E0}.Release|Any CPU.ActiveCfg = Release|Any CPU
		{58CF2E70-DDD2-4EF2-9871-775931F1C1E0}.Release|Any CPU.Build.0 = Release|Any CPU
		{F07B1A18-66DB-4959-A068-A9AE9725CF8A}.Debug|Any CPU.ActiveCfg = Debug|Any CPU
		{F07B1A18-66DB-4959-A068-A9AE9725CF8A}.Debug|Any CPU.Build.0 = Debug|Any CPU
		{F07B1A18-66DB-4959-A068-A9AE9725CF8A}.Release|Any CPU.ActiveCfg = Release|Any CPU
		{F07B1A18-66DB-4959-A068-A9AE9725CF8A}.Release|Any CPU.Build.0 = Release|Any CPU
		{1AA29180-42C3-4523-ACBA-9C10AE814161}.Debug|Any CPU.ActiveCfg = Debug|Any CPU
		{1AA29180-42C3-4523-ACBA-9C10AE814161}.Debug|Any CPU.Build.0 = Debug|Any CPU
		{1AA29180-42C3-4523-ACBA-9C10AE814161}.Release|Any CPU.ActiveCfg = Release|Any CPU
		{1AA29180-42C3-4523-ACBA-9C10AE814161}.Release|Any CPU.Build.0 = Release|Any CPU
		{CE88F624-9A43-4823-B5BF-2F0EDE0DB08B}.Debug|Any CPU.ActiveCfg = Debug|Any CPU
		{CE88F624-9A43-4823-B5BF-2F0EDE0DB08B}.Debug|Any CPU.Build.0 = Debug|Any CPU
		{CE88F624-9A43-4823-B5BF-2F0EDE0DB08B}.Release|Any CPU.ActiveCfg = Release|Any CPU
		{CE88F624-9A43-4823-B5BF-2F0EDE0DB08B}.Release|Any CPU.Build.0 = Release|Any CPU
		{B4C0C7D9-E605-45D1-8C9C-29811799FFD1}.Debug|Any CPU.ActiveCfg = Debug|Any CPU
		{B4C0C7D9-E605-45D1-8C9C-29811799FFD1}.Debug|Any CPU.Build.0 = Debug|Any CPU
		{B4C0C7D9-E605-45D1-8C9C-29811799FFD1}.Release|Any CPU.ActiveCfg = Release|Any CPU
		{B4C0C7D9-E605-45D1-8C9C-29811799FFD1}.Release|Any CPU.Build.0 = Release|Any CPU
	EndGlobalSection
	GlobalSection(SolutionProperties) = preSolution
		HideSolutionNode = FALSE
	EndGlobalSection
	GlobalSection(NestedProjects) = preSolution
		{F8089735-3FB0-4D90-BC25-C48B782F01A7} = {3C761867-47D7-4E28-8199-1652DA4D7A02}
		{06D7F13B-77B1-499A-915A-139B65F335AB} = {3C761867-47D7-4E28-8199-1652DA4D7A02}
		{97D5BF1D-14F8-49C3-9BA6-B224153F19E9} = {3C761867-47D7-4E28-8199-1652DA4D7A02}
		{9ECD6749-FC51-4156-AD2B-7B708DA3726F} = {597AD5FA-A70D-44F6-9919-F8F73D0780A5}
		{D82C56E9-9B6E-4CC9-BB78-4808E8583417} = {597AD5FA-A70D-44F6-9919-F8F73D0780A5}
		{9D32A05C-65D0-4275-8A76-F9EA1488D377} = {597AD5FA-A70D-44F6-9919-F8F73D0780A5}
		{E9C2AC4A-2C22-47ED-B908-C5385F861179} = {72A98E8E-2DA7-4E40-AF01-FE0DA1DBDAC1}
		{C3498CD8-90C6-410B-8D65-D368F7DFF1F3} = {72A98E8E-2DA7-4E40-AF01-FE0DA1DBDAC1}
		{206102B3-7A2A-455E-ADA5-16E91D603EA5} = {72A98E8E-2DA7-4E40-AF01-FE0DA1DBDAC1}
		{B2414B30-F41F-4CD1-A98F-FAD462FBF7F6} = {FD3644D6-6C13-444A-B73D-B97F1C77B93E}
		{526FB820-77E3-481A-8D00-E60B43EEB7FA} = {FD3644D6-6C13-444A-B73D-B97F1C77B93E}
		{997A0ECC-E94D-48AC-A9E7-F86E2FEAEC31} = {FD3644D6-6C13-444A-B73D-B97F1C77B93E}
		{B54172CB-9FFD-437B-BE95-DF0D295ABD9D} = {58846016-D680-415E-83E6-4F7C13BE8F9F}
		{664E6ED2-1BAE-48DD-8ABC-F57D90B2FE56} = {58846016-D680-415E-83E6-4F7C13BE8F9F}
		{28737AD5-8A53-4876-B3B8-F7304B586A64} = {58846016-D680-415E-83E6-4F7C13BE8F9F}
		{CAD347B0-02AE-4CB9-B0E7-34EE2192FC82} = {EE07D7E4-A972-474E-BECC-1A15C49EA85E}
		{6EB790DD-3648-44DE-89A7-EE0D830E942B} = {EE07D7E4-A972-474E-BECC-1A15C49EA85E}
		{35F65DC5-5296-4458-B91A-8AEBE47D778E} = {EE07D7E4-A972-474E-BECC-1A15C49EA85E}
		{E3002446-6ACD-4B19-8ACF-1659507F1885} = {D9A01E3F-E07E-4775-A3A4-BD1C8517ADE0}
		{58CF2E70-DDD2-4EF2-9871-775931F1C1E0} = {D9A01E3F-E07E-4775-A3A4-BD1C8517ADE0}
		{F07B1A18-66DB-4959-A068-A9AE9725CF8A} = {D9A01E3F-E07E-4775-A3A4-BD1C8517ADE0}
		{1AA29180-42C3-4523-ACBA-9C10AE814161} = {F2A3C4B1-F789-494E-BDBB-87F776D639FF}
		{CE88F624-9A43-4823-B5BF-2F0EDE0DB08B} = {F2A3C4B1-F789-494E-BDBB-87F776D639FF}
		{B4C0C7D9-E605-45D1-8C9C-29811799FFD1} = {F2A3C4B1-F789-494E-BDBB-87F776D639FF}
	EndGlobalSection
	GlobalSection(ExtensibilityGlobals) = postSolution
		SolutionGuid = {CFC05115-E80A-416B-A617-265864423E82}
	EndGlobalSection
EndGlobal
